<?xml version="1.0" encoding="utf-8"?>
<Project xmlns="http://schemas.microsoft.com/developer/msbuild/2003">
  <ItemGroup>
    <Filter Include="Generated Files">
      <UniqueIdentifier>{71ED8ED8-ACB9-4CE9-BBE1-E00B30144E11}</UniqueIdentifier>
      <Extensions>cpp;c;cxx;moc;h;def;odl;idl;res;</Extensions>
    </Filter>
    <Filter Include="Generated Files">
      <UniqueIdentifier>{71ED8ED8-ACB9-4CE9-BBE1-E00B30144E11}</UniqueIdentifier>
      <Extensions>cpp;c;cxx;moc;h;def;odl;idl;res;</Extensions>
    </Filter>
    <Filter Include="Header Files">
      <UniqueIdentifier>{93995380-89BD-4b04-88EB-625FBE52EBFB}</UniqueIdentifier>
      <Extensions>h;hpp;hxx;hm;inl;inc;xsd</Extensions>
    </Filter>
    <Filter Include="Header Files">
      <UniqueIdentifier>{93995380-89BD-4b04-88EB-625FBE52EBFB}</UniqueIdentifier>
      <Extensions>h;hpp;hxx;hm;inl;inc;xsd</Extensions>
    </Filter>
    <Filter Include="Resource Files">
      <UniqueIdentifier>{D9D6E242-F8AF-46E4-B9FD-80ECBC20BA3E}</UniqueIdentifier>
      <Extensions>qrc;*</Extensions>
      <ParseFiles>false</ParseFiles>
    </Filter>
    <Filter Include="Resource Files">
      <UniqueIdentifier>{D9D6E242-F8AF-46E4-B9FD-80ECBC20BA3E}</UniqueIdentifier>
      <Extensions>qrc;*</Extensions>
      <ParseFiles>false</ParseFiles>
    </Filter>
    <Filter Include="Source Files">
      <UniqueIdentifier>{4FC737F1-C7A5-4376-A066-2A32D752A2FF}</UniqueIdentifier>
      <Extensions>cpp;c;cxx;def;odl;idl;hpj;bat;asm;asmx</Extensions>
    </Filter>
    <Filter Include="Source Files">
      <UniqueIdentifier>{4FC737F1-C7A5-4376-A066-2A32D752A2FF}</UniqueIdentifier>
      <Extensions>cpp;c;cxx;def;odl;idl;hpj;bat;asm;asmx</Extensions>
    </Filter>
  </ItemGroup>
  <ItemGroup>
    <ClCompile Include="Authentification.cpp">
      <Filter>Source Files</Filter>
    </ClCompile>
    <ClCompile Include="ComArduino.cpp">
      <Filter>Source Files</Filter>
    </ClCompile>
    <ClCompile Include="Info.cpp">
      <Filter>Source Files</Filter>
    </ClCompile>
    <ClCompile Include="Inventaire.cpp">
      <Filter>Source Files</Filter>
    </ClCompile>
    <ClCompile Include="Item.cpp">
      <Filter>Source Files</Filter>
    </ClCompile>
    <ClCompile Include="LoadGame.cpp">
      <Filter>Source Files</Filter>
    </ClCompile>
    <ClCompile Include="MainWindow.cpp">
      <Filter>Source Files</Filter>
    </ClCompile>
    <ClCompile Include="Play.cpp">
      <Filter>Source Files</Filter>
    </ClCompile>
    <ClCompile Include="include\serial\SerialPort.cpp">
      <Filter>Source Files</Filter>
    </ClCompile>
    <ClCompile Include="Window.cpp">
      <Filter>Source Files</Filter>
    </ClCompile>
    <ClCompile Include="fenetre.cpp">
      <Filter>Source Files</Filter>
    </ClCompile>
    <ClCompile Include="game.cpp">
      <Filter>Source Files</Filter>
    </ClCompile>
    <ClCompile Include="main.cpp">
      <Filter>Source Files</Filter>
    </ClCompile>
    <ClCompile Include="map.cpp">
      <Filter>Source Files</Filter>
    </ClCompile>
    <ClCompile Include="monster.cpp">
      <Filter>Source Files</Filter>
    </ClCompile>
    <ClCompile Include="personnage.cpp">
      <Filter>Source Files</Filter>
    </ClCompile>
    <ClCompile Include="son.cpp">
      <Filter>Source Files</Filter>
    </ClCompile>
  </ItemGroup>
  <ItemGroup>
    <CustomBuild Include="Authentification.h">
      <Filter>Header Files</Filter>
    </CustomBuild>
    <ClInclude Include="ComArduino.h">
      <Filter>Header Files</Filter>
    </ClInclude>
    <CustomBuild Include="Info.h">
      <Filter>Header Files</Filter>
    </CustomBuild>
    <ClInclude Include="Inventaire.h">
      <Filter>Header Files</Filter>
    </ClInclude>
    <ClInclude Include="Item.h">
      <Filter>Header Files</Filter>
    </ClInclude>
    <CustomBuild Include="LoadGame.h">
      <Filter>Header Files</Filter>
    </CustomBuild>
    <CustomBuild Include="MainWindow.h">
      <Filter>Header Files</Filter>
    </CustomBuild>
    <CustomBuild Include="Play.h">
      <Filter>Header Files</Filter>
    </CustomBuild>
    <ClInclude Include="include\serial\SerialPort.hpp">
      <Filter>Header Files</Filter>
    </ClInclude>
    <CustomBuild Include="Window.h">
      <Filter>Header Files</Filter>
    </CustomBuild>
    <ClInclude Include="fenetre.h">
      <Filter>Header Files</Filter>
    </ClInclude>
    <CustomBuild Include="game.h">
      <Filter>Header Files</Filter>
    </CustomBuild>
    <ClInclude Include="include\json.hpp">
      <Filter>Header Files</Filter>
    </ClInclude>
    <ClInclude Include="map.h">
      <Filter>Header Files</Filter>
    </ClInclude>
    <ClInclude Include="monster.h">
      <Filter>Header Files</Filter>
    </ClInclude>
    <ClInclude Include="personnage.h">
      <Filter>Header Files</Filter>
    </ClInclude>
    <CustomBuild Include="son.h">
      <Filter>Header Files</Filter>
    </CustomBuild>
  </ItemGroup>
  <ItemGroup>
    <ClCompile Include="debug\moc_Authentification.cpp">
      <Filter>Generated Files</Filter>
    </ClCompile>
    <ClCompile Include="release\moc_Authentification.cpp">
      <Filter>Generated Files</Filter>
    </ClCompile>
    <ClCompile Include="debug\moc_Info.cpp">
      <Filter>Generated Files</Filter>
    </ClCompile>
    <ClCompile Include="release\moc_Info.cpp">
      <Filter>Generated Files</Filter>
    </ClCompile>
    <ClCompile Include="debug\moc_LoadGame.cpp">
      <Filter>Generated Files</Filter>
    </ClCompile>
    <ClCompile Include="release\moc_LoadGame.cpp">
      <Filter>Generated Files</Filter>
    </ClCompile>
    <ClCompile Include="debug\moc_MainWindow.cpp">
      <Filter>Generated Files</Filter>
    </ClCompile>
    <ClCompile Include="release\moc_MainWindow.cpp">
      <Filter>Generated Files</Filter>
    </ClCompile>
    <ClCompile Include="debug\moc_Play.cpp">
      <Filter>Generated Files</Filter>
    </ClCompile>
    <ClCompile Include="release\moc_Play.cpp">
      <Filter>Generated Files</Filter>
    </ClCompile>
    <ClCompile Include="debug\moc_Window.cpp">
      <Filter>Generated Files</Filter>
    </ClCompile>
    <ClCompile Include="release\moc_Window.cpp">
      <Filter>Generated Files</Filter>
    </ClCompile>
    <ClCompile Include="debug\moc_game.cpp">
      <Filter>Generated Files</Filter>
    </ClCompile>
    <ClCompile Include="release\moc_game.cpp">
      <Filter>Generated Files</Filter>
    </ClCompile>
    <CustomBuild Include="debug\moc_predefs.h.cbt">
      <Filter>Generated Files</Filter>
    </CustomBuild>
    <CustomBuild Include="release\moc_predefs.h.cbt">
      <Filter>Generated Files</Filter>
    </CustomBuild>
    <ClCompile Include="debug\moc_son.cpp">
      <Filter>Generated Files</Filter>
    </ClCompile>
    <ClCompile Include="release\moc_son.cpp">
      <Filter>Generated Files</Filter>
    </ClCompile>
    <ClCompile Include="debug\qrc_ressources.cpp">
      <Filter>Generated Files</Filter>
    </ClCompile>
    <ClCompile Include="release\qrc_ressources.cpp">
      <Filter>Generated Files</Filter>
    </ClCompile>
  </ItemGroup>
  <ItemGroup>
    <None Include="Alex_mad.png">
      <Filter>Resource Files</Filter>
    </None>
    <None Include="BadBoys.ttf">
      <Filter>Resource Files</Filter>
    </None>
    <None Include="BadBoys1.ttf">
      <Filter>Resource Files</Filter>
    </None>
    <None Include="Informations.txt">
      <Filter>Resource Files</Filter>
    </None>
    <None Include="OldLondon.otf">
      <Filter>Resource Files</Filter>
    </None>
    <None Include="aller.png">
      <Filter>Resource Files</Filter>
    </None>
    <None Include="barreMenu.png">
      <Filter>Resource Files</Filter>
    </None>
    <None Include="cerclevision1.png">
      <Filter>Resource Files</Filter>
    </None>
    <None Include="cerclevision2.png">
      <Filter>Resource Files</Filter>
    </None>
    <None Include="dollar.png">
      <Filter>Resource Files</Filter>
    </None>
    <None Include="door_image.png">
      <Filter>Resource Files</Filter>
    </None>
    <None Include="floor.png">
      <Filter>Resource Files</Filter>
    </None>
    <None Include="imgInterface.jpg">
      <Filter>Resource Files</Filter>
    </None>
    <None Include="imgInterface.png">
      <Filter>Resource Files</Filter>
    </None>
    <None Include="information.png">
      <Filter>Resource Files</Filter>
    </None>
    <None Include="jp_ok.png">
      <Filter>Resource Files</Filter>
    </None>
    <None Include="key.png">
      <Filter>Resource Files</Filter>
    </None>
    <None Include="locker_image.png">
      <Filter>Resource Files</Filter>
    </None>
    <None Include="parametres.png">
      <Filter>Resource Files</Filter>
    </None>
    <None Include="pause-button.png">
      <Filter>Resource Files</Filter>
    </None>
    <None Include="play.jpg">
      <Filter>Resource Files</Filter>
    </None>
    <None Include="profil.png">
      <Filter>Resource Files</Filter>
    </None>
    <CustomBuild Include="ressources.qrc">
      <Filter>Resource Files</Filter>
    </CustomBuild>
    <None Include="retour.png">
      <Filter>Resource Files</Filter>
    </None>
    <None Include="torch.png">
      <Filter>Resource Files</Filter>
    </None>
    <None Include="vending-machine.png">
      <Filter>Resource Files</Filter>
    </None>
    <None Include="wall_image.png">
      <Filter>Resource Files</Filter>
    </None>
  </ItemGroup>
</Project>